// !$*UTF8*$!
{
	archiveVersion = 1;
	classes = {
	};
	objectVersion = 46;
	objects = {

/* Begin PBXBuildFile section */
		F40637D016BDBFD1005CFE62 /* BBall.icns in Resources */ = {isa = PBXBuildFile; fileRef = F40637CF16BDBFD1005CFE62 /* BBall.icns */; };
		F46110DA16BEFD94006C1D63 /* AppController.m in Sources */ = {isa = PBXBuildFile; fileRef = F46110D916BEFD94006C1D63 /* AppController.m */; };
		F46110DE16BEFEE7006C1D63 /* PreferenceController.m in Sources */ = {isa = PBXBuildFile; fileRef = F46110DC16BEFEE7006C1D63 /* PreferenceController.m */; };
		F46110DF16BEFEE7006C1D63 /* Preferences.xib in Resources */ = {isa = PBXBuildFile; fileRef = F46110DD16BEFEE7006C1D63 /* Preferences.xib */; };
		F484BEEC16B5CDB300ECD2DA /* DocumentTests.m in Sources */ = {isa = PBXBuildFile; fileRef = F484BEEB16B5CDB300ECD2DA /* DocumentTests.m */; };
		F4FA1E8416B1D7FF00D01622 /* Cocoa.framework in Frameworks */ = {isa = PBXBuildFile; fileRef = F4FA1E8316B1D7FF00D01622 /* Cocoa.framework */; };
		F4FA1E8E16B1D7FF00D01622 /* InfoPlist.strings in Resources */ = {isa = PBXBuildFile; fileRef = F4FA1E8C16B1D7FF00D01622 /* InfoPlist.strings */; };
		F4FA1E9016B1D7FF00D01622 /* main.m in Sources */ = {isa = PBXBuildFile; fileRef = F4FA1E8F16B1D7FF00D01622 /* main.m */; };
		F4FA1E9416B1D7FF00D01622 /* Credits.rtf in Resources */ = {isa = PBXBuildFile; fileRef = F4FA1E9216B1D7FF00D01622 /* Credits.rtf */; };
		F4FA1E9716B1D7FF00D01622 /* Document.m in Sources */ = {isa = PBXBuildFile; fileRef = F4FA1E9616B1D7FF00D01622 /* Document.m */; };
		F4FA1E9A16B1D7FF00D01622 /* Document.xib in Resources */ = {isa = PBXBuildFile; fileRef = F4FA1E9816B1D7FF00D01622 /* Document.xib */; };
		F4FA1E9D16B1D7FF00D01622 /* MainMenu.xib in Resources */ = {isa = PBXBuildFile; fileRef = F4FA1E9B16B1D7FF00D01622 /* MainMenu.xib */; };
		F4FA1EA516B1D7FF00D01622 /* SenTestingKit.framework in Frameworks */ = {isa = PBXBuildFile; fileRef = F4FA1EA416B1D7FF00D01622 /* SenTestingKit.framework */; };
		F4FA1EA616B1D7FF00D01622 /* Cocoa.framework in Frameworks */ = {isa = PBXBuildFile; fileRef = F4FA1E8316B1D7FF00D01622 /* Cocoa.framework */; };
		F4FA1EAE16B1D7FF00D01622 /* InfoPlist.strings in Resources */ = {isa = PBXBuildFile; fileRef = F4FA1EAC16B1D7FF00D01622 /* InfoPlist.strings */; };
		F4FA1EBC16B1D89500D01622 /* Person.m in Sources */ = {isa = PBXBuildFile; fileRef = F4FA1EBB16B1D89500D01622 /* Person.m */; };
		F4FA1EBF16B1E25400D01622 /* PersonTests.m in Sources */ = {isa = PBXBuildFile; fileRef = F4FA1EBE16B1E25400D01622 /* PersonTests.m */; };
/* End PBXBuildFile section */

/* Begin PBXContainerItemProxy section */
		F4FA1EA716B1D7FF00D01622 /* PBXContainerItemProxy */ = {
			isa = PBXContainerItemProxy;
			containerPortal = F4FA1E7616B1D7FF00D01622 /* Project object */;
			proxyType = 1;
			remoteGlobalIDString = F4FA1E7E16B1D7FF00D01622;
			remoteInfo = RaiseMan;
		};
/* End PBXContainerItemProxy section */

/* Begin PBXFileReference section */
		F40637CF16BDBFD1005CFE62 /* BBall.icns */ = {isa = PBXFileReference; lastKnownFileType = image.icns; path = BBall.icns; sourceTree = "<group>"; };
		F46110D816BEFD94006C1D63 /* AppController.h */ = {isa = PBXFileReference; fileEncoding = 4; lastKnownFileType = sourcecode.c.h; path = AppController.h; sourceTree = "<group>"; };
		F46110D916BEFD94006C1D63 /* AppController.m */ = {isa = PBXFileReference; fileEncoding = 4; lastKnownFileType = sourcecode.c.objc; path = AppController.m; sourceTree = "<group>"; };
		F46110DB16BEFEE7006C1D63 /* PreferenceController.h */ = {isa = PBXFileReference; fileEncoding = 4; lastKnownFileType = sourcecode.c.h; path = PreferenceController.h; sourceTree = "<group>"; };
		F46110DC16BEFEE7006C1D63 /* PreferenceController.m */ = {isa = PBXFileReference; fileEncoding = 4; lastKnownFileType = sourcecode.c.objc; path = PreferenceController.m; sourceTree = "<group>"; };
		F46110DD16BEFEE7006C1D63 /* Preferences.xib */ = {isa = PBXFileReference; fileEncoding = 4; lastKnownFileType = file.xib; path = Preferences.xib; sourceTree = "<group>"; };
		F484BEEA16B5CDB300ECD2DA /* DocumentTests.h */ = {isa = PBXFileReference; fileEncoding = 4; lastKnownFileType = sourcecode.c.h; path = DocumentTests.h; sourceTree = "<group>"; };
		F484BEEB16B5CDB300ECD2DA /* DocumentTests.m */ = {isa = PBXFileReference; fileEncoding = 4; lastKnownFileType = sourcecode.c.objc; path = DocumentTests.m; sourceTree = "<group>"; };
		F4FA1E7F16B1D7FF00D01622 /* RaiseMan.app */ = {isa = PBXFileReference; explicitFileType = wrapper.application; includeInIndex = 0; path = RaiseMan.app; sourceTree = BUILT_PRODUCTS_DIR; };
		F4FA1E8316B1D7FF00D01622 /* Cocoa.framework */ = {isa = PBXFileReference; lastKnownFileType = wrapper.framework; name = Cocoa.framework; path = System/Library/Frameworks/Cocoa.framework; sourceTree = SDKROOT; };
		F4FA1E8616B1D7FF00D01622 /* AppKit.framework */ = {isa = PBXFileReference; lastKnownFileType = wrapper.framework; name = AppKit.framework; path = System/Library/Frameworks/AppKit.framework; sourceTree = SDKROOT; };
		F4FA1E8716B1D7FF00D01622 /* CoreData.framework */ = {isa = PBXFileReference; lastKnownFileType = wrapper.framework; name = CoreData.framework; path = System/Library/Frameworks/CoreData.framework; sourceTree = SDKROOT; };
		F4FA1E8816B1D7FF00D01622 /* Foundation.framework */ = {isa = PBXFileReference; lastKnownFileType = wrapper.framework; name = Foundation.framework; path = System/Library/Frameworks/Foundation.framework; sourceTree = SDKROOT; };
		F4FA1E8B16B1D7FF00D01622 /* RaiseMan-Info.plist */ = {isa = PBXFileReference; lastKnownFileType = text.plist.xml; path = "RaiseMan-Info.plist"; sourceTree = "<group>"; };
		F4FA1E8D16B1D7FF00D01622 /* en */ = {isa = PBXFileReference; lastKnownFileType = text.plist.strings; name = en; path = en.lproj/InfoPlist.strings; sourceTree = "<group>"; };
		F4FA1E8F16B1D7FF00D01622 /* main.m */ = {isa = PBXFileReference; lastKnownFileType = sourcecode.c.objc; path = main.m; sourceTree = "<group>"; };
		F4FA1E9116B1D7FF00D01622 /* RaiseMan-Prefix.pch */ = {isa = PBXFileReference; lastKnownFileType = sourcecode.c.h; path = "RaiseMan-Prefix.pch"; sourceTree = "<group>"; };
		F4FA1E9316B1D7FF00D01622 /* en */ = {isa = PBXFileReference; lastKnownFileType = text.rtf; name = en; path = en.lproj/Credits.rtf; sourceTree = "<group>"; };
		F4FA1E9516B1D7FF00D01622 /* Document.h */ = {isa = PBXFileReference; lastKnownFileType = sourcecode.c.h; path = Document.h; sourceTree = "<group>"; };
		F4FA1E9616B1D7FF00D01622 /* Document.m */ = {isa = PBXFileReference; lastKnownFileType = sourcecode.c.objc; path = Document.m; sourceTree = "<group>"; };
		F4FA1E9916B1D7FF00D01622 /* en */ = {isa = PBXFileReference; lastKnownFileType = file.xib; name = en; path = en.lproj/Document.xib; sourceTree = "<group>"; };
		F4FA1E9C16B1D7FF00D01622 /* en */ = {isa = PBXFileReference; lastKnownFileType = file.xib; name = en; path = en.lproj/MainMenu.xib; sourceTree = "<group>"; };
		F4FA1EA316B1D7FF00D01622 /* RaiseManTests.octest */ = {isa = PBXFileReference; explicitFileType = wrapper.cfbundle; includeInIndex = 0; path = RaiseManTests.octest; sourceTree = BUILT_PRODUCTS_DIR; };
		F4FA1EA416B1D7FF00D01622 /* SenTestingKit.framework */ = {isa = PBXFileReference; lastKnownFileType = wrapper.framework; name = SenTestingKit.framework; path = Library/Frameworks/SenTestingKit.framework; sourceTree = DEVELOPER_DIR; };
		F4FA1EAB16B1D7FF00D01622 /* RaiseManTests-Info.plist */ = {isa = PBXFileReference; lastKnownFileType = text.plist.xml; path = "RaiseManTests-Info.plist"; sourceTree = "<group>"; };
		F4FA1EAD16B1D7FF00D01622 /* en */ = {isa = PBXFileReference; lastKnownFileType = text.plist.strings; name = en; path = en.lproj/InfoPlist.strings; sourceTree = "<group>"; };
		F4FA1EBA16B1D89500D01622 /* Person.h */ = {isa = PBXFileReference; fileEncoding = 4; lastKnownFileType = sourcecode.c.h; path = Person.h; sourceTree = "<group>"; };
		F4FA1EBB16B1D89500D01622 /* Person.m */ = {isa = PBXFileReference; fileEncoding = 4; lastKnownFileType = sourcecode.c.objc; path = Person.m; sourceTree = "<group>"; };
		F4FA1EBD16B1E25400D01622 /* PersonTests.h */ = {isa = PBXFileReference; fileEncoding = 4; lastKnownFileType = sourcecode.c.h; path = PersonTests.h; sourceTree = "<group>"; };
		F4FA1EBE16B1E25400D01622 /* PersonTests.m */ = {isa = PBXFileReference; fileEncoding = 4; lastKnownFileType = sourcecode.c.objc; path = PersonTests.m; sourceTree = "<group>"; };
/* End PBXFileReference section */

/* Begin PBXFrameworksBuildPhase section */
		F4FA1E7C16B1D7FF00D01622 /* Frameworks */ = {
			isa = PBXFrameworksBuildPhase;
			buildActionMask = 2147483647;
			files = (
				F4FA1E8416B1D7FF00D01622 /* Cocoa.framework in Frameworks */,
			);
			runOnlyForDeploymentPostprocessing = 0;
		};
		F4FA1E9F16B1D7FF00D01622 /* Frameworks */ = {
			isa = PBXFrameworksBuildPhase;
			buildActionMask = 2147483647;
			files = (
				F4FA1EA516B1D7FF00D01622 /* SenTestingKit.framework in Frameworks */,
				F4FA1EA616B1D7FF00D01622 /* Cocoa.framework in Frameworks */,
			);
			runOnlyForDeploymentPostprocessing = 0;
		};
/* End PBXFrameworksBuildPhase section */

/* Begin PBXGroup section */
		F4FA1E7416B1D7FF00D01622 = {
			isa = PBXGroup;
			children = (
				F4FA1E8916B1D7FF00D01622 /* RaiseMan */,
				F4FA1EA916B1D7FF00D01622 /* RaiseManTests */,
				F4FA1E8216B1D7FF00D01622 /* Frameworks */,
				F4FA1E8016B1D7FF00D01622 /* Products */,
			);
			sourceTree = "<group>";
		};
		F4FA1E8016B1D7FF00D01622 /* Products */ = {
			isa = PBXGroup;
			children = (
				F4FA1E7F16B1D7FF00D01622 /* RaiseMan.app */,
				F4FA1EA316B1D7FF00D01622 /* RaiseManTests.octest */,
			);
			name = Products;
			sourceTree = "<group>";
		};
		F4FA1E8216B1D7FF00D01622 /* Frameworks */ = {
			isa = PBXGroup;
			children = (
				F4FA1E8316B1D7FF00D01622 /* Cocoa.framework */,
				F4FA1EA416B1D7FF00D01622 /* SenTestingKit.framework */,
				F4FA1E8516B1D7FF00D01622 /* Other Frameworks */,
			);
			name = Frameworks;
			sourceTree = "<group>";
		};
		F4FA1E8516B1D7FF00D01622 /* Other Frameworks */ = {
			isa = PBXGroup;
			children = (
				F4FA1E8616B1D7FF00D01622 /* AppKit.framework */,
				F4FA1E8716B1D7FF00D01622 /* CoreData.framework */,
				F4FA1E8816B1D7FF00D01622 /* Foundation.framework */,
			);
			name = "Other Frameworks";
			sourceTree = "<group>";
		};
		F4FA1E8916B1D7FF00D01622 /* RaiseMan */ = {
			isa = PBXGroup;
			children = (
				F46110D816BEFD94006C1D63 /* AppController.h */,
				F46110D916BEFD94006C1D63 /* AppController.m */,
				F4FA1E9516B1D7FF00D01622 /* Document.h */,
				F4FA1E9616B1D7FF00D01622 /* Document.m */,
				F4FA1EBA16B1D89500D01622 /* Person.h */,
				F4FA1EBB16B1D89500D01622 /* Person.m */,
				F46110DB16BEFEE7006C1D63 /* PreferenceController.h */,
				F46110DC16BEFEE7006C1D63 /* PreferenceController.m */,
				F4FA1E9816B1D7FF00D01622 /* Document.xib */,
				F4FA1E9B16B1D7FF00D01622 /* MainMenu.xib */,
				F46110DD16BEFEE7006C1D63 /* Preferences.xib */,
				F4FA1E8A16B1D7FF00D01622 /* Supporting Files */,
			);
			path = RaiseMan;
			sourceTree = "<group>";
		};
		F4FA1E8A16B1D7FF00D01622 /* Supporting Files */ = {
			isa = PBXGroup;
			children = (
				F40637CF16BDBFD1005CFE62 /* BBall.icns */,
				F4FA1E8B16B1D7FF00D01622 /* RaiseMan-Info.plist */,
				F4FA1E8C16B1D7FF00D01622 /* InfoPlist.strings */,
				F4FA1E8F16B1D7FF00D01622 /* main.m */,
				F4FA1E9116B1D7FF00D01622 /* RaiseMan-Prefix.pch */,
				F4FA1E9216B1D7FF00D01622 /* Credits.rtf */,
			);
			name = "Supporting Files";
			sourceTree = "<group>";
		};
		F4FA1EA916B1D7FF00D01622 /* RaiseManTests */ = {
			isa = PBXGroup;
			children = (
				F484BEEA16B5CDB300ECD2DA /* DocumentTests.h */,
				F484BEEB16B5CDB300ECD2DA /* DocumentTests.m */,
				F4FA1EBD16B1E25400D01622 /* PersonTests.h */,
				F4FA1EBE16B1E25400D01622 /* PersonTests.m */,
				F4FA1EAA16B1D7FF00D01622 /* Supporting Files */,
			);
			path = RaiseManTests;
			sourceTree = "<group>";
		};
		F4FA1EAA16B1D7FF00D01622 /* Supporting Files */ = {
			isa = PBXGroup;
			children = (
				F4FA1EAB16B1D7FF00D01622 /* RaiseManTests-Info.plist */,
				F4FA1EAC16B1D7FF00D01622 /* InfoPlist.strings */,
			);
			name = "Supporting Files";
			sourceTree = "<group>";
		};
/* End PBXGroup section */

/* Begin PBXNativeTarget section */
		F4FA1E7E16B1D7FF00D01622 /* RaiseMan */ = {
			isa = PBXNativeTarget;
			buildConfigurationList = F4FA1EB416B1D7FF00D01622 /* Build configuration list for PBXNativeTarget "RaiseMan" */;
			buildPhases = (
				F4FA1E7B16B1D7FF00D01622 /* Sources */,
				F4FA1E7C16B1D7FF00D01622 /* Frameworks */,
				F4FA1E7D16B1D7FF00D01622 /* Resources */,
			);
			buildRules = (
			);
			dependencies = (
			);
			name = RaiseMan;
			productName = RaiseMan;
			productReference = F4FA1E7F16B1D7FF00D01622 /* RaiseMan.app */;
			productType = "com.apple.product-type.application";
		};
		F4FA1EA216B1D7FF00D01622 /* RaiseManTests */ = {
			isa = PBXNativeTarget;
			buildConfigurationList = F4FA1EB716B1D7FF00D01622 /* Build configuration list for PBXNativeTarget "RaiseManTests" */;
			buildPhases = (
				F4FA1E9E16B1D7FF00D01622 /* Sources */,
				F4FA1E9F16B1D7FF00D01622 /* Frameworks */,
				F4FA1EA016B1D7FF00D01622 /* Resources */,
				F4FA1EA116B1D7FF00D01622 /* ShellScript */,
			);
			buildRules = (
			);
			dependencies = (
				F4FA1EA816B1D7FF00D01622 /* PBXTargetDependency */,
			);
			name = RaiseManTests;
			productName = RaiseManTests;
			productReference = F4FA1EA316B1D7FF00D01622 /* RaiseManTests.octest */;
			productType = "com.apple.product-type.bundle";
		};
/* End PBXNativeTarget section */

/* Begin PBXProject section */
		F4FA1E7616B1D7FF00D01622 /* Project object */ = {
			isa = PBXProject;
			attributes = {
				LastUpgradeCheck = 0450;
				ORGANIZATIONNAME = "Marcin Malinowski";
			};
			buildConfigurationList = F4FA1E7916B1D7FF00D01622 /* Build configuration list for PBXProject "RaiseMan" */;
			compatibilityVersion = "Xcode 3.2";
			developmentRegion = English;
			hasScannedForEncodings = 0;
			knownRegions = (
				en,
			);
			mainGroup = F4FA1E7416B1D7FF00D01622;
			productRefGroup = F4FA1E8016B1D7FF00D01622 /* Products */;
			projectDirPath = "";
			projectRoot = "";
			targets = (
				F4FA1E7E16B1D7FF00D01622 /* RaiseMan */,
				F4FA1EA216B1D7FF00D01622 /* RaiseManTests */,
			);
		};
/* End PBXProject section */

/* Begin PBXResourcesBuildPhase section */
		F4FA1E7D16B1D7FF00D01622 /* Resources */ = {
			isa = PBXResourcesBuildPhase;
			buildActionMask = 2147483647;
			files = (
				F4FA1E8E16B1D7FF00D01622 /* InfoPlist.strings in Resources */,
				F4FA1E9416B1D7FF00D01622 /* Credits.rtf in Resources */,
				F4FA1E9A16B1D7FF00D01622 /* Document.xib in Resources */,
				F4FA1E9D16B1D7FF00D01622 /* MainMenu.xib in Resources */,
				F40637D016BDBFD1005CFE62 /* BBall.icns in Resources */,
				F46110DF16BEFEE7006C1D63 /* Preferences.xib in Resources */,
			);
			runOnlyForDeploymentPostprocessing = 0;
		};
		F4FA1EA016B1D7FF00D01622 /* Resources */ = {
			isa = PBXResourcesBuildPhase;
			buildActionMask = 2147483647;
			files = (
				F4FA1EAE16B1D7FF00D01622 /* InfoPlist.strings in Resources */,
			);
			runOnlyForDeploymentPostprocessing = 0;
		};
/* End PBXResourcesBuildPhase section */

/* Begin PBXShellScriptBuildPhase section */
		F4FA1EA116B1D7FF00D01622 /* ShellScript */ = {
			isa = PBXShellScriptBuildPhase;
			buildActionMask = 2147483647;
			files = (
			);
			inputPaths = (
			);
			outputPaths = (
			);
			runOnlyForDeploymentPostprocessing = 0;
			shellPath = /bin/sh;
			shellScript = "# Run the unit tests in this test bundle.\n\"${SYSTEM_DEVELOPER_DIR}/Tools/RunUnitTests\"\n";
		};
/* End PBXShellScriptBuildPhase section */

/* Begin PBXSourcesBuildPhase section */
		F4FA1E7B16B1D7FF00D01622 /* Sources */ = {
			isa = PBXSourcesBuildPhase;
			buildActionMask = 2147483647;
			files = (
				F4FA1E9016B1D7FF00D01622 /* main.m in Sources */,
				F4FA1E9716B1D7FF00D01622 /* Document.m in Sources */,
				F4FA1EBC16B1D89500D01622 /* Person.m in Sources */,
				F46110DA16BEFD94006C1D63 /* AppController.m in Sources */,
				F46110DE16BEFEE7006C1D63 /* PreferenceController.m in Sources */,
			);
			runOnlyForDeploymentPostprocessing = 0;
		};
		F4FA1E9E16B1D7FF00D01622 /* Sources */ = {
			isa = PBXSourcesBuildPhase;
			buildActionMask = 2147483647;
			files = (
				F4FA1EBF16B1E25400D01622 /* PersonTests.m in Sources */,
				F484BEEC16B5CDB300ECD2DA /* DocumentTests.m in Sources */,
			);
			runOnlyForDeploymentPostprocessing = 0;
		};
/* End PBXSourcesBuildPhase section */

/* Begin PBXTargetDependency section */
		F4FA1EA816B1D7FF00D01622 /* PBXTargetDependency */ = {
			isa = PBXTargetDependency;
			target = F4FA1E7E16B1D7FF00D01622 /* RaiseMan */;
			targetProxy = F4FA1EA716B1D7FF00D01622 /* PBXContainerItemProxy */;
		};
/* End PBXTargetDependency section */

/* Begin PBXVariantGroup section */
		F4FA1E8C16B1D7FF00D01622 /* InfoPlist.strings */ = {
			isa = PBXVariantGroup;
			children = (
				F4FA1E8D16B1D7FF00D01622 /* en */,
			);
			name = InfoPlist.strings;
			sourceTree = "<group>";
		};
		F4FA1E9216B1D7FF00D01622 /* Credits.rtf */ = {
			isa = PBXVariantGroup;
			children = (
				F4FA1E9316B1D7FF00D01622 /* en */,
			);
			name = Credits.rtf;
			sourceTree = "<group>";
		};
		F4FA1E9816B1D7FF00D01622 /* Document.xib */ = {
			isa = PBXVariantGroup;
			children = (
				F4FA1E9916B1D7FF00D01622 /* en */,
			);
			name = Document.xib;
			sourceTree = "<group>";
		};
		F4FA1E9B16B1D7FF00D01622 /* MainMenu.xib */ = {
			isa = PBXVariantGroup;
			children = (
				F4FA1E9C16B1D7FF00D01622 /* en */,
			);
			name = MainMenu.xib;
			sourceTree = "<group>";
		};
		F4FA1EAC16B1D7FF00D01622 /* InfoPlist.strings */ = {
			isa = PBXVariantGroup;
			children = (
				F4FA1EAD16B1D7FF00D01622 /* en */,
			);
			name = InfoPlist.strings;
			sourceTree = "<group>";
		};
/* End PBXVariantGroup section */

/* Begin XCBuildConfiguration section */
		F4FA1EB216B1D7FF00D01622 /* Debug */ = {
			isa = XCBuildConfiguration;
			buildSettings = {
				ALWAYS_SEARCH_USER_PATHS = NO;
				ARCHS = "$(ARCHS_STANDARD_64_BIT)";
				CLANG_CXX_LANGUAGE_STANDARD = "gnu++0x";
				CLANG_CXX_LIBRARY = "libc++";
				CLANG_ENABLE_OBJC_ARC = YES;
				CLANG_WARN_EMPTY_BODY = YES;
				CLANG_WARN__DUPLICATE_METHOD_MATCH = YES;
				COPY_PHASE_STRIP = NO;
				GCC_C_LANGUAGE_STANDARD = gnu99;
				GCC_DYNAMIC_NO_PIC = NO;
				GCC_ENABLE_OBJC_EXCEPTIONS = YES;
				GCC_OPTIMIZATION_LEVEL = 0;
				GCC_PREPROCESSOR_DEFINITIONS = (
					"DEBUG=1",
					"$(inherited)",
				);
				GCC_SYMBOLS_PRIVATE_EXTERN = NO;
				GCC_WARN_64_TO_32_BIT_CONVERSION = YES;
				GCC_WARN_ABOUT_RETURN_TYPE = YES;
				GCC_WARN_UNINITIALIZED_AUTOS = YES;
				GCC_WARN_UNUSED_VARIABLE = YES;
				MACOSX_DEPLOYMENT_TARGET = 10.8;
				ONLY_ACTIVE_ARCH = YES;
				SDKROOT = macosx;
			};
			name = Debug;
		};
		F4FA1EB316B1D7FF00D01622 /* Release */ = {
			isa = XCBuildConfiguration;
			buildSettings = {
				ALWAYS_SEARCH_USER_PATHS = NO;
				ARCHS = "$(ARCHS_STANDARD_64_BIT)";
				CLANG_CXX_LANGUAGE_STANDARD = "gnu++0x";
				CLANG_CXX_LIBRARY = "libc++";
				CLANG_ENABLE_OBJC_ARC = YES;
				CLANG_WARN_EMPTY_BODY = YES;
				CLANG_WARN__DUPLICATE_METHOD_MATCH = YES;
				COPY_PHASE_STRIP = YES;
				DEBUG_INFORMATION_FORMAT = "dwarf-with-dsym";
				GCC_C_LANGUAGE_STANDARD = gnu99;
				GCC_ENABLE_OBJC_EXCEPTIONS = YES;
				GCC_WARN_64_TO_32_BIT_CONVERSION = YES;
				GCC_WARN_ABOUT_RETURN_TYPE = YES;
				GCC_WARN_UNINITIALIZED_AUTOS = YES;
				GCC_WARN_UNUSED_VARIABLE = YES;
				MACOSX_DEPLOYMENT_TARGET = 10.8;
				SDKROOT = macosx;
			};
			name = Release;
		};
		F4FA1EB516B1D7FF00D01622 /* Debug */ = {
			isa = XCBuildConfiguration;
			buildSettings = {
				COMBINE_HIDPI_IMAGES = YES;
				GCC_PRECOMPILE_PREFIX_HEADER = YES;
				GCC_PREFIX_HEADER = "RaiseMan/RaiseMan-Prefix.pch";
				INFOPLIST_FILE = "RaiseMan/RaiseMan-Info.plist";
				PRODUCT_NAME = "$(TARGET_NAME)";
				WRAPPER_EXTENSION = app;
			};
			name = Debug;
		};
		F4FA1EB616B1D7FF00D01622 /* Release */ = {
			isa = XCBuildConfiguration;
			buildSettings = {
				COMBINE_HIDPI_IMAGES = YES;
				GCC_PRECOMPILE_PREFIX_HEADER = YES;
				GCC_PREFIX_HEADER = "RaiseMan/RaiseMan-Prefix.pch";
				INFOPLIST_FILE = "RaiseMan/RaiseMan-Info.plist";
				PRODUCT_NAME = "$(TARGET_NAME)";
				WRAPPER_EXTENSION = app;
			};
			name = Release;
		};
		F4FA1EB816B1D7FF00D01622 /* Debug */ = {
			isa = XCBuildConfiguration;
			buildSettings = {
				BUNDLE_LOADER = "$(BUILT_PRODUCTS_DIR)/RaiseMan.app/Contents/MacOS/RaiseMan";
				COMBINE_HIDPI_IMAGES = YES;
				FRAMEWORK_SEARCH_PATHS = "\"$(DEVELOPER_LIBRARY_DIR)/Frameworks\"";
				GCC_PRECOMPILE_PREFIX_HEADER = YES;
				GCC_PREFIX_HEADER = "RaiseMan/RaiseMan-Prefix.pch";
				INFOPLIST_FILE = "RaiseManTests/RaiseManTests-Info.plist";
				PRODUCT_NAME = "$(TARGET_NAME)";
				TEST_HOST = "$(BUNDLE_LOADER)";
				WRAPPER_EXTENSION = octest;
			};
			name = Debug;
		};
		F4FA1EB916B1D7FF00D01622 /* Release */ = {
			isa = XCBuildConfiguration;
			buildSettings = {
				BUNDLE_LOADER = "$(BUILT_PRODUCTS_DIR)/RaiseMan.app/Contents/MacOS/RaiseMan";
				COMBINE_HIDPI_IMAGES = YES;
				FRAMEWORK_SEARCH_PATHS = "\"$(DEVELOPER_LIBRARY_DIR)/Frameworks\"";
				GCC_PRECOMPILE_PREFIX_HEADER = YES;
				GCC_PREFIX_HEADER = "RaiseMan/RaiseMan-Prefix.pch";
				INFOPLIST_FILE = "RaiseManTests/RaiseManTests-Info.plist";
				PRODUCT_NAME = "$(TARGET_NAME)";
				TEST_HOST = "$(BUNDLE_LOADER)";
				WRAPPER_EXTENSION = octest;
			};
			name = Release;
		};
/* End XCBuildConfiguration section */

/* Begin XCConfigurationList section */
		F4FA1E7916B1D7FF00D01622 /* Build configuration list for PBXProject "RaiseMan" */ = {
			isa = XCConfigurationList;
			buildConfigurations = (
				F4FA1EB216B1D7FF00D01622 /* Debug */,
				F4FA1EB316B1D7FF00D01622 /* Release */,
			);
			defaultConfigurationIsVisible = 0;
			defaultConfigurationName = Release;
		};
		F4FA1EB416B1D7FF00D01622 /* Build configuration list for PBXNativeTarget "RaiseMan" */ = {
			isa = XCConfigurationList;
			buildConfigurations = (
				F4FA1EB516B1D7FF00D01622 /* Debug */,
				F4FA1EB616B1D7FF00D01622 /* Release */,
			);
			defaultConfigurationIsVisible = 0;
			defaultConfigurationName = Release;
		};
		F4FA1EB716B1D7FF00D01622 /* Build configuration list for PBXNativeTarget "RaiseManTests" */ = {
			isa = XCConfigurationList;
			buildConfigurations = (
				F4FA1EB816B1D7FF00D01622 /* Debug */,
				F4FA1EB916B1D7FF00D01622 /* Release */,
			);
			defaultConfigurationIsVisible = 0;
			defaultConfigurationName = Release;
		};
/* End XCConfigurationList section */
	};
	rootObject = F4FA1E7616B1D7FF00D01622 /* Project object */;
}
